// !$*UTF8*$!
{
	archiveVersion = 1;
	classes = {
	};
	objectVersion = 50;
	objects = {

/* Begin PBXBuildFile section */
		0B37BBBF2102ABF70035CC3E /* PageVC.swift in Sources */ = {isa = PBXBuildFile; fileRef = 0B37BBBE2102ABF70035CC3E /* PageVC.swift */; };
		0B37BBC12102AC6C0035CC3E /* ProfileVC.swift in Sources */ = {isa = PBXBuildFile; fileRef = 0B37BBC02102AC6C0035CC3E /* ProfileVC.swift */; };
		0B37BBC32102AC800035CC3E /* MatchVC.swift in Sources */ = {isa = PBXBuildFile; fileRef = 0B37BBC22102AC800035CC3E /* MatchVC.swift */; };
		0B37BBC52102ACCE0035CC3E /* BootVC.swift in Sources */ = {isa = PBXBuildFile; fileRef = 0B37BBC42102ACCE0035CC3E /* BootVC.swift */; };
		0B37BBC72102CA8B0035CC3E /* TutorialVC.swift in Sources */ = {isa = PBXBuildFile; fileRef = 0B37BBC62102CA8B0035CC3E /* TutorialVC.swift */; };
		0B37BBC92102CACE0035CC3E /* CreateUserVC.swift in Sources */ = {isa = PBXBuildFile; fileRef = 0B37BBC82102CACE0035CC3E /* CreateUserVC.swift */; };
		0B61096F21021CAE00E26920 /* AppDelegate.swift in Sources */ = {isa = PBXBuildFile; fileRef = 0B61096E21021CAE00E26920 /* AppDelegate.swift */; };
		0B61097121021CAE00E26920 /* ViewController.swift in Sources */ = {isa = PBXBuildFile; fileRef = 0B61097021021CAE00E26920 /* ViewController.swift */; };
		0B61097421021CAE00E26920 /* Main.storyboard in Resources */ = {isa = PBXBuildFile; fileRef = 0B61097221021CAE00E26920 /* Main.storyboard */; };
		0B61097621021CAF00E26920 /* Assets.xcassets in Resources */ = {isa = PBXBuildFile; fileRef = 0B61097521021CAF00E26920 /* Assets.xcassets */; };
		0B61097921021CAF00E26920 /* LaunchScreen.storyboard in Resources */ = {isa = PBXBuildFile; fileRef = 0B61097721021CAF00E26920 /* LaunchScreen.storyboard */; };
		0B61098421021CAF00E26920 /* uportthonTests.swift in Sources */ = {isa = PBXBuildFile; fileRef = 0B61098321021CAF00E26920 /* uportthonTests.swift */; };
		B689273E15A0E547C28DFBFF /* Pods_uportthonTests.framework in Frameworks */ = {isa = PBXBuildFile; fileRef = 4B071AF66B69558F0DABF330 /* Pods_uportthonTests.framework */; };
		B73F3D2DFD00AEBEFB2CBEC3 /* Pods_uportthon.framework in Frameworks */ = {isa = PBXBuildFile; fileRef = 0F0DEB46E83D21E951F2CDFD /* Pods_uportthon.framework */; };
/* End PBXBuildFile section */

/* Begin PBXContainerItemProxy section */
		0B61098021021CAF00E26920 /* PBXContainerItemProxy */ = {
			isa = PBXContainerItemProxy;
			containerPortal = 0B61096321021CAE00E26920 /* Project object */;
			proxyType = 1;
			remoteGlobalIDString = 0B61096A21021CAE00E26920;
			remoteInfo = uportthon;
		};
/* End PBXContainerItemProxy section */

/* Begin PBXFileReference section */
		0B37BBBE2102ABF70035CC3E /* PageVC.swift */ = {isa = PBXFileReference; lastKnownFileType = sourcecode.swift; path = PageVC.swift; sourceTree = "<group>"; };
		0B37BBC02102AC6C0035CC3E /* ProfileVC.swift */ = {isa = PBXFileReference; lastKnownFileType = sourcecode.swift; path = ProfileVC.swift; sourceTree = "<group>"; };
		0B37BBC22102AC800035CC3E /* MatchVC.swift */ = {isa = PBXFileReference; lastKnownFileType = sourcecode.swift; path = MatchVC.swift; sourceTree = "<group>"; };
		0B37BBC42102ACCE0035CC3E /* BootVC.swift */ = {isa = PBXFileReference; lastKnownFileType = sourcecode.swift; path = BootVC.swift; sourceTree = "<group>"; };
		0B37BBC62102CA8B0035CC3E /* TutorialVC.swift */ = {isa = PBXFileReference; lastKnownFileType = sourcecode.swift; path = TutorialVC.swift; sourceTree = "<group>"; };
		0B37BBC82102CACE0035CC3E /* CreateUserVC.swift */ = {isa = PBXFileReference; lastKnownFileType = sourcecode.swift; path = CreateUserVC.swift; sourceTree = "<group>"; };
		0B61096B21021CAE00E26920 /* uportthon.app */ = {isa = PBXFileReference; explicitFileType = wrapper.application; includeInIndex = 0; path = uportthon.app; sourceTree = BUILT_PRODUCTS_DIR; };
		0B61096E21021CAE00E26920 /* AppDelegate.swift */ = {isa = PBXFileReference; lastKnownFileType = sourcecode.swift; path = AppDelegate.swift; sourceTree = "<group>"; };
		0B61097021021CAE00E26920 /* ViewController.swift */ = {isa = PBXFileReference; lastKnownFileType = sourcecode.swift; path = ViewController.swift; sourceTree = "<group>"; };
		0B61097321021CAE00E26920 /* Base */ = {isa = PBXFileReference; lastKnownFileType = file.storyboard; name = Base; path = Base.lproj/Main.storyboard; sourceTree = "<group>"; };
		0B61097521021CAF00E26920 /* Assets.xcassets */ = {isa = PBXFileReference; lastKnownFileType = folder.assetcatalog; path = Assets.xcassets; sourceTree = "<group>"; };
		0B61097821021CAF00E26920 /* Base */ = {isa = PBXFileReference; lastKnownFileType = file.storyboard; name = Base; path = Base.lproj/LaunchScreen.storyboard; sourceTree = "<group>"; };
		0B61097A21021CAF00E26920 /* Info.plist */ = {isa = PBXFileReference; lastKnownFileType = text.plist.xml; path = Info.plist; sourceTree = "<group>"; };
		0B61097F21021CAF00E26920 /* uportthonTests.xctest */ = {isa = PBXFileReference; explicitFileType = wrapper.cfbundle; includeInIndex = 0; path = uportthonTests.xctest; sourceTree = BUILT_PRODUCTS_DIR; };
		0B61098321021CAF00E26920 /* uportthonTests.swift */ = {isa = PBXFileReference; lastKnownFileType = sourcecode.swift; path = uportthonTests.swift; sourceTree = "<group>"; };
		0B61098521021CAF00E26920 /* Info.plist */ = {isa = PBXFileReference; lastKnownFileType = text.plist.xml; path = Info.plist; sourceTree = "<group>"; };
		0F0DEB46E83D21E951F2CDFD /* Pods_uportthon.framework */ = {isa = PBXFileReference; explicitFileType = wrapper.framework; includeInIndex = 0; path = Pods_uportthon.framework; sourceTree = BUILT_PRODUCTS_DIR; };
		10B92E0BA88331C7B259523D /* Pods-uportthonTests.release.xcconfig */ = {isa = PBXFileReference; includeInIndex = 1; lastKnownFileType = text.xcconfig; name = "Pods-uportthonTests.release.xcconfig"; path = "Pods/Target Support Files/Pods-uportthonTests/Pods-uportthonTests.release.xcconfig"; sourceTree = "<group>"; };
		182DD57B2431A77C986EFF30 /* Pods-uportthon.debug.xcconfig */ = {isa = PBXFileReference; includeInIndex = 1; lastKnownFileType = text.xcconfig; name = "Pods-uportthon.debug.xcconfig"; path = "Pods/Target Support Files/Pods-uportthon/Pods-uportthon.debug.xcconfig"; sourceTree = "<group>"; };
		4B071AF66B69558F0DABF330 /* Pods_uportthonTests.framework */ = {isa = PBXFileReference; explicitFileType = wrapper.framework; includeInIndex = 0; path = Pods_uportthonTests.framework; sourceTree = BUILT_PRODUCTS_DIR; };
		5EA5E7550051406AC5B5D02F /* Pods-uportthon.release.xcconfig */ = {isa = PBXFileReference; includeInIndex = 1; lastKnownFileType = text.xcconfig; name = "Pods-uportthon.release.xcconfig"; path = "Pods/Target Support Files/Pods-uportthon/Pods-uportthon.release.xcconfig"; sourceTree = "<group>"; };
		DC7688BBFF1FA4CAD1B00EE6 /* Pods-uportthonTests.debug.xcconfig */ = {isa = PBXFileReference; includeInIndex = 1; lastKnownFileType = text.xcconfig; name = "Pods-uportthonTests.debug.xcconfig"; path = "Pods/Target Support Files/Pods-uportthonTests/Pods-uportthonTests.debug.xcconfig"; sourceTree = "<group>"; };
/* End PBXFileReference section */

/* Begin PBXFrameworksBuildPhase section */
		0B61096821021CAE00E26920 /* Frameworks */ = {
			isa = PBXFrameworksBuildPhase;
			buildActionMask = 2147483647;
			files = (
				B73F3D2DFD00AEBEFB2CBEC3 /* Pods_uportthon.framework in Frameworks */,
			);
			runOnlyForDeploymentPostprocessing = 0;
		};
		0B61097C21021CAF00E26920 /* Frameworks */ = {
			isa = PBXFrameworksBuildPhase;
			buildActionMask = 2147483647;
			files = (
				B689273E15A0E547C28DFBFF /* Pods_uportthonTests.framework in Frameworks */,
			);
			runOnlyForDeploymentPostprocessing = 0;
		};
/* End PBXFrameworksBuildPhase section */

/* Begin PBXGroup section */
		0B37BBBD2102ABD10035CC3E /* VC */ = {
			isa = PBXGroup;
			children = (
				0B61097021021CAE00E26920 /* ViewController.swift */,
				0B37BBBE2102ABF70035CC3E /* PageVC.swift */,
				0B37BBC02102AC6C0035CC3E /* ProfileVC.swift */,
				0B37BBC22102AC800035CC3E /* MatchVC.swift */,
				0B37BBC42102ACCE0035CC3E /* BootVC.swift */,
				0B37BBC62102CA8B0035CC3E /* TutorialVC.swift */,
				0B37BBC82102CACE0035CC3E /* CreateUserVC.swift */,
			);
			path = VC;
			sourceTree = "<group>";
		};
		0B61096221021CAE00E26920 = {
			isa = PBXGroup;
			children = (
				0B61096D21021CAE00E26920 /* uportthon */,
				0B61098221021CAF00E26920 /* uportthonTests */,
				0B61096C21021CAE00E26920 /* Products */,
				86AD01BAE280E6AD4DEED772 /* Pods */,
				328C00A244EAAFA2F3B18CF6 /* Frameworks */,
			);
			sourceTree = "<group>";
		};
		0B61096C21021CAE00E26920 /* Products */ = {
			isa = PBXGroup;
			children = (
				0B61096B21021CAE00E26920 /* uportthon.app */,
				0B61097F21021CAF00E26920 /* uportthonTests.xctest */,
			);
			name = Products;
			sourceTree = "<group>";
		};
		0B61096D21021CAE00E26920 /* uportthon */ = {
			isa = PBXGroup;
			children = (
				0B61096E21021CAE00E26920 /* AppDelegate.swift */,
				0B37BBBD2102ABD10035CC3E /* VC */,
				0B61097221021CAE00E26920 /* Main.storyboard */,
				0B61097521021CAF00E26920 /* Assets.xcassets */,
				0B61097721021CAF00E26920 /* LaunchScreen.storyboard */,
				0B61097A21021CAF00E26920 /* Info.plist */,
			);
			path = uportthon;
			sourceTree = "<group>";
		};
		0B61098221021CAF00E26920 /* uportthonTests */ = {
			isa = PBXGroup;
			children = (
				0B61098321021CAF00E26920 /* uportthonTests.swift */,
				0B61098521021CAF00E26920 /* Info.plist */,
			);
			path = uportthonTests;
			sourceTree = "<group>";
		};
		328C00A244EAAFA2F3B18CF6 /* Frameworks */ = {
			isa = PBXGroup;
			children = (
				0F0DEB46E83D21E951F2CDFD /* Pods_uportthon.framework */,
				4B071AF66B69558F0DABF330 /* Pods_uportthonTests.framework */,
			);
			name = Frameworks;
			sourceTree = "<group>";
		};
		86AD01BAE280E6AD4DEED772 /* Pods */ = {
			isa = PBXGroup;
			children = (
				182DD57B2431A77C986EFF30 /* Pods-uportthon.debug.xcconfig */,
				5EA5E7550051406AC5B5D02F /* Pods-uportthon.release.xcconfig */,
				DC7688BBFF1FA4CAD1B00EE6 /* Pods-uportthonTests.debug.xcconfig */,
				10B92E0BA88331C7B259523D /* Pods-uportthonTests.release.xcconfig */,
			);
			name = Pods;
			sourceTree = "<group>";
		};
/* End PBXGroup section */

/* Begin PBXNativeTarget section */
		0B61096A21021CAE00E26920 /* uportthon */ = {
			isa = PBXNativeTarget;
			buildConfigurationList = 0B61098821021CAF00E26920 /* Build configuration list for PBXNativeTarget "uportthon" */;
			buildPhases = (
				BCE403023335E2242173DCAC /* [CP] Check Pods Manifest.lock */,
				0B61096721021CAE00E26920 /* Sources */,
				0B61096821021CAE00E26920 /* Frameworks */,
				0B61096921021CAE00E26920 /* Resources */,
				EBB05D690390367F70D5B510 /* [CP] Embed Pods Frameworks */,
			);
			buildRules = (
			);
			dependencies = (
			);
			name = uportthon;
			productName = uportthon;
			productReference = 0B61096B21021CAE00E26920 /* uportthon.app */;
			productType = "com.apple.product-type.application";
		};
		0B61097E21021CAF00E26920 /* uportthonTests */ = {
			isa = PBXNativeTarget;
			buildConfigurationList = 0B61098B21021CAF00E26920 /* Build configuration list for PBXNativeTarget "uportthonTests" */;
			buildPhases = (
				16A926416E3280938E244EE0 /* [CP] Check Pods Manifest.lock */,
				0B61097B21021CAF00E26920 /* Sources */,
				0B61097C21021CAF00E26920 /* Frameworks */,
				0B61097D21021CAF00E26920 /* Resources */,
				318E94D930E78C778A04825A /* [CP] Embed Pods Frameworks */,
			);
			buildRules = (
			);
			dependencies = (
				0B61098121021CAF00E26920 /* PBXTargetDependency */,
			);
			name = uportthonTests;
			productName = uportthonTests;
			productReference = 0B61097F21021CAF00E26920 /* uportthonTests.xctest */;
			productType = "com.apple.product-type.bundle.unit-test";
		};
/* End PBXNativeTarget section */

/* Begin PBXProject section */
		0B61096321021CAE00E26920 /* Project object */ = {
			isa = PBXProject;
			attributes = {
				LastSwiftUpdateCheck = 0940;
				LastUpgradeCheck = 0940;
				ORGANIZATIONNAME = hayato.iida;
				TargetAttributes = {
					0B61096A21021CAE00E26920 = {
						CreatedOnToolsVersion = 9.4.1;
					};
					0B61097E21021CAF00E26920 = {
						CreatedOnToolsVersion = 9.4.1;
						TestTargetID = 0B61096A21021CAE00E26920;
					};
				};
			};
			buildConfigurationList = 0B61096621021CAE00E26920 /* Build configuration list for PBXProject "uportthon" */;
			compatibilityVersion = "Xcode 9.3";
			developmentRegion = en;
			hasScannedForEncodings = 0;
			knownRegions = (
				en,
				Base,
			);
			mainGroup = 0B61096221021CAE00E26920;
			productRefGroup = 0B61096C21021CAE00E26920 /* Products */;
			projectDirPath = "";
			projectRoot = "";
			targets = (
				0B61096A21021CAE00E26920 /* uportthon */,
				0B61097E21021CAF00E26920 /* uportthonTests */,
			);
		};
/* End PBXProject section */

/* Begin PBXResourcesBuildPhase section */
		0B61096921021CAE00E26920 /* Resources */ = {
			isa = PBXResourcesBuildPhase;
			buildActionMask = 2147483647;
			files = (
				0B61097921021CAF00E26920 /* LaunchScreen.storyboard in Resources */,
				0B61097621021CAF00E26920 /* Assets.xcassets in Resources */,
				0B61097421021CAE00E26920 /* Main.storyboard in Resources */,
			);
			runOnlyForDeploymentPostprocessing = 0;
		};
		0B61097D21021CAF00E26920 /* Resources */ = {
			isa = PBXResourcesBuildPhase;
			buildActionMask = 2147483647;
			files = (
			);
			runOnlyForDeploymentPostprocessing = 0;
		};
/* End PBXResourcesBuildPhase section */

/* Begin PBXShellScriptBuildPhase section */
		16A926416E3280938E244EE0 /* [CP] Check Pods Manifest.lock */ = {
			isa = PBXShellScriptBuildPhase;
			buildActionMask = 2147483647;
			files = (
			);
			inputPaths = (
				"${PODS_PODFILE_DIR_PATH}/Podfile.lock",
				"${PODS_ROOT}/Manifest.lock",
			);
			name = "[CP] Check Pods Manifest.lock";
			outputPaths = (
				"$(DERIVED_FILE_DIR)/Pods-uportthonTests-checkManifestLockResult.txt",
			);
			runOnlyForDeploymentPostprocessing = 0;
			shellPath = /bin/sh;
			shellScript = "diff \"${PODS_PODFILE_DIR_PATH}/Podfile.lock\" \"${PODS_ROOT}/Manifest.lock\" > /dev/null\nif [ $? != 0 ] ; then\n    # print error to STDERR\n    echo \"error: The sandbox is not in sync with the Podfile.lock. Run 'pod install' or update your CocoaPods installation.\" >&2\n    exit 1\nfi\n# This output is used by Xcode 'outputs' to avoid re-running this script phase.\necho \"SUCCESS\" > \"${SCRIPT_OUTPUT_FILE_0}\"\n";
			showEnvVarsInLog = 0;
		};
		318E94D930E78C778A04825A /* [CP] Embed Pods Frameworks */ = {
			isa = PBXShellScriptBuildPhase;
			buildActionMask = 2147483647;
			files = (
			);
			inputPaths = (
				"${SRCROOT}/Pods/Target Support Files/Pods-uportthonTests/Pods-uportthonTests-frameworks.sh",
				"${BUILT_PRODUCTS_DIR}/Nimble/Nimble.framework",
				"${BUILT_PRODUCTS_DIR}/Quick/Quick.framework",
			);
			name = "[CP] Embed Pods Frameworks";
			outputPaths = (
				"${TARGET_BUILD_DIR}/${FRAMEWORKS_FOLDER_PATH}/Nimble.framework",
				"${TARGET_BUILD_DIR}/${FRAMEWORKS_FOLDER_PATH}/Quick.framework",
			);
			runOnlyForDeploymentPostprocessing = 0;
			shellPath = /bin/sh;
			shellScript = "\"${SRCROOT}/Pods/Target Support Files/Pods-uportthonTests/Pods-uportthonTests-frameworks.sh\"\n";
			showEnvVarsInLog = 0;
		};
		BCE403023335E2242173DCAC /* [CP] Check Pods Manifest.lock */ = {
			isa = PBXShellScriptBuildPhase;
			buildActionMask = 2147483647;
			files = (
			);
			inputPaths = (
				"${PODS_PODFILE_DIR_PATH}/Podfile.lock",
				"${PODS_ROOT}/Manifest.lock",
			);
			name = "[CP] Check Pods Manifest.lock";
			outputPaths = (
				"$(DERIVED_FILE_DIR)/Pods-uportthon-checkManifestLockResult.txt",
			);
			runOnlyForDeploymentPostprocessing = 0;
			shellPath = /bin/sh;
			shellScript = "diff \"${PODS_PODFILE_DIR_PATH}/Podfile.lock\" \"${PODS_ROOT}/Manifest.lock\" > /dev/null\nif [ $? != 0 ] ; then\n    # print error to STDERR\n    echo \"error: The sandbox is not in sync with the Podfile.lock. Run 'pod install' or update your CocoaPods installation.\" >&2\n    exit 1\nfi\n# This output is used by Xcode 'outputs' to avoid re-running this script phase.\necho \"SUCCESS\" > \"${SCRIPT_OUTPUT_FILE_0}\"\n";
			showEnvVarsInLog = 0;
		};
		EBB05D690390367F70D5B510 /* [CP] Embed Pods Frameworks */ = {
			isa = PBXShellScriptBuildPhase;
			buildActionMask = 2147483647;
			files = (
			);
			inputPaths = (
				"${SRCROOT}/Pods/Target Support Files/Pods-uportthon/Pods-uportthon-frameworks.sh",
				"${BUILT_PRODUCTS_DIR}/ActionSheetPicker-3.0/ActionSheetPicker_3_0.framework",
				"${BUILT_PRODUCTS_DIR}/Alamofire/Alamofire.framework",
				"${BUILT_PRODUCTS_DIR}/BigInt/BigInt.framework",
				"${BUILT_PRODUCTS_DIR}/CryptoSwift/CryptoSwift.framework",
				"${BUILT_PRODUCTS_DIR}/SipHash/SipHash.framework",
			);
			name = "[CP] Embed Pods Frameworks";
			outputPaths = (
				"${TARGET_BUILD_DIR}/${FRAMEWORKS_FOLDER_PATH}/ActionSheetPicker_3_0.framework",
				"${TARGET_BUILD_DIR}/${FRAMEWORKS_FOLDER_PATH}/Alamofire.framework",
				"${TARGET_BUILD_DIR}/${FRAMEWORKS_FOLDER_PATH}/BigInt.framework",
				"${TARGET_BUILD_DIR}/${FRAMEWORKS_FOLDER_PATH}/CryptoSwift.framework",
				"${TARGET_BUILD_DIR}/${FRAMEWORKS_FOLDER_PATH}/SipHash.framework",
			);
			runOnlyForDeploymentPostprocessing = 0;
			shellPath = /bin/sh;
			shellScript = "\"${SRCROOT}/Pods/Target Support Files/Pods-uportthon/Pods-uportthon-frameworks.sh\"\n";
			showEnvVarsInLog = 0;
		};
/* End PBXShellScriptBuildPhase section */

/* Begin PBXSourcesBuildPhase section */
		0B61096721021CAE00E26920 /* Sources */ = {
			isa = PBXSourcesBuildPhase;
			buildActionMask = 2147483647;
			files = (
				0B37BBC72102CA8B0035CC3E /* TutorialVC.swift in Sources */,
				0B37BBC92102CACE0035CC3E /* CreateUserVC.swift in Sources */,
				0B37BBC32102AC800035CC3E /* MatchVC.swift in Sources */,
				0B37BBC12102AC6C0035CC3E /* ProfileVC.swift in Sources */,
				0B61097121021CAE00E26920 /* ViewController.swift in Sources */,
				0B37BBBF2102ABF70035CC3E /* PageVC.swift in Sources */,
				0B37BBC52102ACCE0035CC3E /* BootVC.swift in Sources */,
				0B61096F21021CAE00E26920 /* AppDelegate.swift in Sources */,
			);
			runOnlyForDeploymentPostprocessing = 0;
		};
		0B61097B21021CAF00E26920 /* Sources */ = {
			isa = PBXSourcesBuildPhase;
			buildActionMask = 2147483647;
			files = (
				0B61098421021CAF00E26920 /* uportthonTests.swift in Sources */,
			);
			runOnlyForDeploymentPostprocessing = 0;
		};
/* End PBXSourcesBuildPhase section */

/* Begin PBXTargetDependency section */
		0B61098121021CAF00E26920 /* PBXTargetDependency */ = {
			isa = PBXTargetDependency;
			target = 0B61096A21021CAE00E26920 /* uportthon */;
			targetProxy = 0B61098021021CAF00E26920 /* PBXContainerItemProxy */;
		};
/* End PBXTargetDependency section */

/* Begin PBXVariantGroup section */
		0B61097221021CAE00E26920 /* Main.storyboard */ = {
			isa = PBXVariantGroup;
			children = (
				0B61097321021CAE00E26920 /* Base */,
			);
			name = Main.storyboard;
			sourceTree = "<group>";
		};
		0B61097721021CAF00E26920 /* LaunchScreen.storyboard */ = {
			isa = PBXVariantGroup;
			children = (
				0B61097821021CAF00E26920 /* Base */,
			);
			name = LaunchScreen.storyboard;
			sourceTree = "<group>";
		};
/* End PBXVariantGroup section */

/* Begin XCBuildConfiguration section */
		0B61098621021CAF00E26920 /* Debug */ = {
			isa = XCBuildConfiguration;
			buildSettings = {
				ALWAYS_SEARCH_USER_PATHS = NO;
				CLANG_ANALYZER_NONNULL = YES;
				CLANG_ANALYZER_NUMBER_OBJECT_CONVERSION = YES_AGGRESSIVE;
				CLANG_CXX_LANGUAGE_STANDARD = "gnu++14";
				CLANG_CXX_LIBRARY = "libc++";
				CLANG_ENABLE_MODULES = YES;
				CLANG_ENABLE_OBJC_ARC = YES;
				CLANG_ENABLE_OBJC_WEAK = YES;
				CLANG_WARN_BLOCK_CAPTURE_AUTORELEASING = YES;
				CLANG_WARN_BOOL_CONVERSION = YES;
				CLANG_WARN_COMMA = YES;
				CLANG_WARN_CONSTANT_CONVERSION = YES;
				CLANG_WARN_DEPRECATED_OBJC_IMPLEMENTATIONS = YES;
				CLANG_WARN_DIRECT_OBJC_ISA_USAGE = YES_ERROR;
				CLANG_WARN_DOCUMENTATION_COMMENTS = YES;
				CLANG_WARN_EMPTY_BODY = YES;
				CLANG_WARN_ENUM_CONVERSION = YES;
				CLANG_WARN_INFINITE_RECURSION = YES;
				CLANG_WARN_INT_CONVERSION = YES;
				CLANG_WARN_NON_LITERAL_NULL_CONVERSION = YES;
				CLANG_WARN_OBJC_IMPLICIT_RETAIN_SELF = YES;
				CLANG_WARN_OBJC_LITERAL_CONVERSION = YES;
				CLANG_WARN_OBJC_ROOT_CLASS = YES_ERROR;
				CLANG_WARN_RANGE_LOOP_ANALYSIS = YES;
				CLANG_WARN_STRICT_PROTOTYPES = YES;
				CLANG_WARN_SUSPICIOUS_MOVE = YES;
				CLANG_WARN_UNGUARDED_AVAILABILITY = YES_AGGRESSIVE;
				CLANG_WARN_UNREACHABLE_CODE = YES;
				CLANG_WARN__DUPLICATE_METHOD_MATCH = YES;
				CODE_SIGN_IDENTITY = "iPhone Developer";
				COPY_PHASE_STRIP = NO;
				DEBUG_INFORMATION_FORMAT = dwarf;
				ENABLE_STRICT_OBJC_MSGSEND = YES;
				ENABLE_TESTABILITY = YES;
				GCC_C_LANGUAGE_STANDARD = gnu11;
				GCC_DYNAMIC_NO_PIC = NO;
				GCC_NO_COMMON_BLOCKS = YES;
				GCC_OPTIMIZATION_LEVEL = 0;
				GCC_PREPROCESSOR_DEFINITIONS = (
					"DEBUG=1",
					"$(inherited)",
				);
				GCC_WARN_64_TO_32_BIT_CONVERSION = YES;
				GCC_WARN_ABOUT_RETURN_TYPE = YES_ERROR;
				GCC_WARN_UNDECLARED_SELECTOR = YES;
				GCC_WARN_UNINITIALIZED_AUTOS = YES_AGGRESSIVE;
				GCC_WARN_UNUSED_FUNCTION = YES;
				GCC_WARN_UNUSED_VARIABLE = YES;
				IPHONEOS_DEPLOYMENT_TARGET = 11.4;
				MTL_ENABLE_DEBUG_INFO = YES;
				ONLY_ACTIVE_ARCH = YES;
				SDKROOT = iphoneos;
				SWIFT_ACTIVE_COMPILATION_CONDITIONS = DEBUG;
				SWIFT_OPTIMIZATION_LEVEL = "-Onone";
			};
			name = Debug;
		};
		0B61098721021CAF00E26920 /* Release */ = {
			isa = XCBuildConfiguration;
			buildSettings = {
				ALWAYS_SEARCH_USER_PATHS = NO;
				CLANG_ANALYZER_NONNULL = YES;
				CLANG_ANALYZER_NUMBER_OBJECT_CONVERSION = YES_AGGRESSIVE;
				CLANG_CXX_LANGUAGE_STANDARD = "gnu++14";
				CLANG_CXX_LIBRARY = "libc++";
				CLANG_ENABLE_MODULES = YES;
				CLANG_ENABLE_OBJC_ARC = YES;
				CLANG_ENABLE_OBJC_WEAK = YES;
				CLANG_WARN_BLOCK_CAPTURE_AUTORELEASING = YES;
				CLANG_WARN_BOOL_CONVERSION = YES;
				CLANG_WARN_COMMA = YES;
				CLANG_WARN_CONSTANT_CONVERSION = YES;
				CLANG_WARN_DEPRECATED_OBJC_IMPLEMENTATIONS = YES;
				CLANG_WARN_DIRECT_OBJC_ISA_USAGE = YES_ERROR;
				CLANG_WARN_DOCUMENTATION_COMMENTS = YES;
				CLANG_WARN_EMPTY_BODY = YES;
				CLANG_WARN_ENUM_CONVERSION = YES;
				CLANG_WARN_INFINITE_RECURSION = YES;
				CLANG_WARN_INT_CONVERSION = YES;
				CLANG_WARN_NON_LITERAL_NULL_CONVERSION = YES;
				CLANG_WARN_OBJC_IMPLICIT_RETAIN_SELF = YES;
				CLANG_WARN_OBJC_LITERAL_CONVERSION = YES;
				CLANG_WARN_OBJC_ROOT_CLASS = YES_ERROR;
				CLANG_WARN_RANGE_LOOP_ANALYSIS = YES;
				CLANG_WARN_STRICT_PROTOTYPES = YES;
				CLANG_WARN_SUSPICIOUS_MOVE = YES;
				CLANG_WARN_UNGUARDED_AVAILABILITY = YES_AGGRESSIVE;
				CLANG_WARN_UNREACHABLE_CODE = YES;
				CLANG_WARN__DUPLICATE_METHOD_MATCH = YES;
				CODE_SIGN_IDENTITY = "iPhone Developer";
				COPY_PHASE_STRIP = NO;
				DEBUG_INFORMATION_FORMAT = "dwarf-with-dsym";
				ENABLE_NS_ASSERTIONS = NO;
				ENABLE_STRICT_OBJC_MSGSEND = YES;
				GCC_C_LANGUAGE_STANDARD = gnu11;
				GCC_NO_COMMON_BLOCKS = YES;
				GCC_WARN_64_TO_32_BIT_CONVERSION = YES;
				GCC_WARN_ABOUT_RETURN_TYPE = YES_ERROR;
				GCC_WARN_UNDECLARED_SELECTOR = YES;
				GCC_WARN_UNINITIALIZED_AUTOS = YES_AGGRESSIVE;
				GCC_WARN_UNUSED_FUNCTION = YES;
				GCC_WARN_UNUSED_VARIABLE = YES;
				IPHONEOS_DEPLOYMENT_TARGET = 11.4;
				MTL_ENABLE_DEBUG_INFO = NO;
				SDKROOT = iphoneos;
				SWIFT_COMPILATION_MODE = wholemodule;
				SWIFT_OPTIMIZATION_LEVEL = "-O";
				VALIDATE_PRODUCT = YES;
			};
			name = Release;
		};
		0B61098921021CAF00E26920 /* Debug */ = {
			isa = XCBuildConfiguration;
			baseConfigurationReference = 182DD57B2431A77C986EFF30 /* Pods-uportthon.debug.xcconfig */;
			buildSettings = {
				ASSETCATALOG_COMPILER_APPICON_NAME = AppIcon;
				CODE_SIGN_STYLE = Automatic;
				DEVELOPMENT_TEAM = 45GENJPBUZ;
				INFOPLIST_FILE = uportthon/Info.plist;
				LD_RUNPATH_SEARCH_PATHS = (
					"$(inherited)",
					"@executable_path/Frameworks",
				);
				PRODUCT_BUNDLE_IDENTIFIER = hi.uportthon;
				PRODUCT_NAME = "$(TARGET_NAME)";
				SWIFT_VERSION = 4.0;
				TARGETED_DEVICE_FAMILY = "1,2";
			};
			name = Debug;
		};
		0B61098A21021CAF00E26920 /* Release */ = {
			isa = XCBuildConfiguration;
			baseConfigurationReference = 5EA5E7550051406AC5B5D02F /* Pods-uportthon.release.xcconfig */;
			buildSettings = {
				ASSETCATALOG_COMPILER_APPICON_NAME = AppIcon;
				CODE_SIGN_STYLE = Automatic;
				DEVELOPMENT_TEAM = 45GENJPBUZ;
				INFOPLIST_FILE = uportthon/Info.plist;
				LD_RUNPATH_SEARCH_PATHS = (
					"$(inherited)",
					"@executable_path/Frameworks",
				);
				PRODUCT_BUNDLE_IDENTIFIER = hi.uportthon;
				PRODUCT_NAME = "$(TARGET_NAME)";
				SWIFT_VERSION = 4.0;
				TARGETED_DEVICE_FAMILY = "1,2";
			};
			name = Release;
		};
		0B61098C21021CAF00E26920 /* Debug */ = {
			isa = XCBuildConfiguration;
			baseConfigurationReference = DC7688BBFF1FA4CAD1B00EE6 /* Pods-uportthonTests.debug.xcconfig */;
			buildSettings = {
				ALWAYS_EMBED_SWIFT_STANDARD_LIBRARIES = YES;
				BUNDLE_LOADER = "$(TEST_HOST)";
				CODE_SIGN_STYLE = Automatic;
				DEVELOPMENT_TEAM = 45GENJPBUZ;
				INFOPLIST_FILE = uportthonTests/Info.plist;
				LD_RUNPATH_SEARCH_PATHS = (
					"$(inherited)",
					"@executable_path/Frameworks",
					"@loader_path/Frameworks",
				);
				PRODUCT_BUNDLE_IDENTIFIER = hi.uportthonTests;
				PRODUCT_NAME = "$(TARGET_NAME)";
				SWIFT_VERSION = 4.0;
				TARGETED_DEVICE_FAMILY = "1,2";
				TEST_HOST = "$(BUILT_PRODUCTS_DIR)/uportthon.app/uportthon";
			};
			name = Debug;
		};
		0B61098D21021CAF00E26920 /* Release */ = {
			isa = XCBuildConfiguration;
			baseConfigurationReference = 10B92E0BA88331C7B259523D /* Pods-uportthonTests.release.xcconfig */;
			buildSettings = {
				ALWAYS_EMBED_SWIFT_STANDARD_LIBRARIES = YES;
				BUNDLE_LOADER = "$(TEST_HOST)";
				CODE_SIGN_STYLE = Automatic;
				DEVELOPMENT_TEAM = 45GENJPBUZ;
				INFOPLIST_FILE = uportthonTests/Info.plist;
				LD_RUNPATH_SEARCH_PATHS = (
					"$(inherited)",
					"@executable_path/Frameworks",
					"@loader_path/Frameworks",
				);
				PRODUCT_BUNDLE_IDENTIFIER = hi.uportthonTests;
				PRODUCT_NAME = "$(TARGET_NAME)";
				SWIFT_VERSION = 4.0;
				TARGETED_DEVICE_FAMILY = "1,2";
				TEST_HOST = "$(BUILT_PRODUCTS_DIR)/uportthon.app/uportthon";
			};
			name = Release;
		};
/* End XCBuildConfiguration section */

/* Begin XCConfigurationList section */
		0B61096621021CAE00E26920 /* Build configuration list for PBXProject "uportthon" */ = {
			isa = XCConfigurationList;
			buildConfigurations = (
				0B61098621021CAF00E26920 /* Debug */,
				0B61098721021CAF00E26920 /* Release */,
			);
			defaultConfigurationIsVisible = 0;
			defaultConfigurationName = Release;
		};
		0B61098821021CAF00E26920 /* Build configuration list for PBXNativeTarget "uportthon" */ = {
			isa = XCConfigurationList;
			buildConfigurations = (
				0B61098921021CAF00E26920 /* Debug */,
				0B61098A21021CAF00E26920 /* Release */,
			);
			defaultConfigurationIsVisible = 0;
			defaultConfigurationName = Release;
		};
		0B61098B21021CAF00E26920 /* Build configuration list for PBXNativeTarget "uportthonTests" */ = {
			isa = XCConfigurationList;
			buildConfigurations = (
				0B61098C21021CAF00E26920 /* Debug */,
				0B61098D21021CAF00E26920 /* Release */,
			);
			defaultConfigurationIsVisible = 0;
			defaultConfigurationName = Release;
		};
/* End XCConfigurationList section */
	};
	rootObject = 0B61096321021CAE00E26920 /* Project object */;
}
